// !$*UTF8*$!
{
	archiveVersion = 1;
	classes = {
	};
	objectVersion = 52;
	objects = {

/* Begin PBXBuildFile section */
		5727A2AA29C785EF00F97AE1 /* FirebaseAuth in Frameworks */ = {isa = PBXBuildFile; productRef = 5727A2A929C785EF00F97AE1 /* FirebaseAuth */; };
		5727A2AC29C785EF00F97AE1 /* FirebaseFirestore in Frameworks */ = {isa = PBXBuildFile; productRef = 5727A2AB29C785EF00F97AE1 /* FirebaseFirestore */; };
		5727A2AE29C7860100F97AE1 /* GoogleService-Info.plist in Resources */ = {isa = PBXBuildFile; fileRef = 5727A2AD29C7860100F97AE1 /* GoogleService-Info.plist */; };
		57B8F03429AE072D00C9AED4 /* Adopt_MeApp.swift in Sources */ = {isa = PBXBuildFile; fileRef = 57B8F03329AE072D00C9AED4 /* Adopt_MeApp.swift */; };
		57B8F03629AE072D00C9AED4 /* ContentView.swift in Sources */ = {isa = PBXBuildFile; fileRef = 57B8F03529AE072D00C9AED4 /* ContentView.swift */; };
		57B8F03829AE073800C9AED4 /* Assets.xcassets in Resources */ = {isa = PBXBuildFile; fileRef = 57B8F03729AE073800C9AED4 /* Assets.xcassets */; };
		57B8F03B29AE073800C9AED4 /* Preview Assets.xcassets in Resources */ = {isa = PBXBuildFile; fileRef = 57B8F03A29AE073800C9AED4 /* Preview Assets.xcassets */; };
		57F3E8C329B665E300067106 /* Register.swift in Sources */ = {isa = PBXBuildFile; fileRef = 57F3E8C229B665E300067106 /* Register.swift */; };
		57F3E8C629B66FF500067106 /* Login.swift in Sources */ = {isa = PBXBuildFile; fileRef = 57F3E8C529B66FF500067106 /* Login.swift */; };
		57F3E8C929B6752500067106 /* Switch.swift in Sources */ = {isa = PBXBuildFile; fileRef = 57F3E8C829B6752500067106 /* Switch.swift */; };
		57F4F2C829BE561F00E7582E /* User.swift in Sources */ = {isa = PBXBuildFile; fileRef = 57F4F2C729BE561F00E7582E /* User.swift */; };
/* End PBXBuildFile section */

/* Begin PBXFileReference section */
		5727A2AD29C7860100F97AE1 /* GoogleService-Info.plist */ = {isa = PBXFileReference; fileEncoding = 4; lastKnownFileType = text.plist.xml; path = "GoogleService-Info.plist"; sourceTree = "<group>"; };
		57B8F03029AE072D00C9AED4 /* Adopt Me.app */ = {isa = PBXFileReference; explicitFileType = wrapper.application; includeInIndex = 0; path = "Adopt Me.app"; sourceTree = BUILT_PRODUCTS_DIR; };
		57B8F03329AE072D00C9AED4 /* Adopt_MeApp.swift */ = {isa = PBXFileReference; lastKnownFileType = sourcecode.swift; path = Adopt_MeApp.swift; sourceTree = "<group>"; };
		57B8F03529AE072D00C9AED4 /* ContentView.swift */ = {isa = PBXFileReference; lastKnownFileType = sourcecode.swift; path = ContentView.swift; sourceTree = "<group>"; };
		57B8F03729AE073800C9AED4 /* Assets.xcassets */ = {isa = PBXFileReference; lastKnownFileType = folder.assetcatalog; path = Assets.xcassets; sourceTree = "<group>"; };
		57B8F03A29AE073800C9AED4 /* Preview Assets.xcassets */ = {isa = PBXFileReference; lastKnownFileType = folder.assetcatalog; path = "Preview Assets.xcassets"; sourceTree = "<group>"; };
		57B8F03C29AE073800C9AED4 /* Info.plist */ = {isa = PBXFileReference; lastKnownFileType = text.plist.xml; path = Info.plist; sourceTree = "<group>"; };
		57F3E8C229B665E300067106 /* Register.swift */ = {isa = PBXFileReference; lastKnownFileType = sourcecode.swift; path = Register.swift; sourceTree = "<group>"; };
		57F3E8C529B66FF500067106 /* Login.swift */ = {isa = PBXFileReference; lastKnownFileType = sourcecode.swift; path = Login.swift; sourceTree = "<group>"; };
		57F3E8C829B6752500067106 /* Switch.swift */ = {isa = PBXFileReference; lastKnownFileType = sourcecode.swift; path = Switch.swift; sourceTree = "<group>"; };
		57F4F2C729BE561F00E7582E /* User.swift */ = {isa = PBXFileReference; lastKnownFileType = sourcecode.swift; path = User.swift; sourceTree = "<group>"; };
/* End PBXFileReference section */

/* Begin PBXFrameworksBuildPhase section */
		57B8F02D29AE072D00C9AED4 /* Frameworks */ = {
			isa = PBXFrameworksBuildPhase;
			buildActionMask = 2147483647;
			files = (
				5727A2AA29C785EF00F97AE1 /* FirebaseAuth in Frameworks */,
				5727A2AC29C785EF00F97AE1 /* FirebaseFirestore in Frameworks */,
			);
			runOnlyForDeploymentPostprocessing = 0;
		};
/* End PBXFrameworksBuildPhase section */

/* Begin PBXGroup section */
		57B8F02729AE072C00C9AED4 = {
			isa = PBXGroup;
			children = (
				57B8F03229AE072D00C9AED4 /* Adopt Me */,
				57B8F03129AE072D00C9AED4 /* Products */,
			);
			sourceTree = "<group>";
		};
		57B8F03129AE072D00C9AED4 /* Products */ = {
			isa = PBXGroup;
			children = (
				57B8F03029AE072D00C9AED4 /* Adopt Me.app */,
			);
			name = Products;
			sourceTree = "<group>";
		};
		57B8F03229AE072D00C9AED4 /* Adopt Me */ = {
			isa = PBXGroup;
			children = (
				5727A2AD29C7860100F97AE1 /* GoogleService-Info.plist */,
				57E1B82B29AE1BBC007D83D1 /* Views */,
				57B8F03329AE072D00C9AED4 /* Adopt_MeApp.swift */,
				57B8F03529AE072D00C9AED4 /* ContentView.swift */,
				57B8F03729AE073800C9AED4 /* Assets.xcassets */,
				57B8F03C29AE073800C9AED4 /* Info.plist */,
				57B8F03929AE073800C9AED4 /* Preview Content */,
			);
			path = "Adopt Me";
			sourceTree = "<group>";
		};
		57B8F03929AE073800C9AED4 /* Preview Content */ = {
			isa = PBXGroup;
			children = (
				57B8F03A29AE073800C9AED4 /* Preview Assets.xcassets */,
			);
			path = "Preview Content";
			sourceTree = "<group>";
		};
		57E1B82B29AE1BBC007D83D1 /* Views */ = {
			isa = PBXGroup;
			children = (
				57F3E8C229B665E300067106 /* Register.swift */,
				57F3E8C529B66FF500067106 /* Login.swift */,
				57F3E8C829B6752500067106 /* Switch.swift */,
				57F4F2C729BE561F00E7582E /* User.swift */,
			);
			name = Views;
			sourceTree = "<group>";
		};
/* End PBXGroup section */

/* Begin PBXNativeTarget section */
		57B8F02F29AE072D00C9AED4 /* Adopt Me */ = {
			isa = PBXNativeTarget;
			buildConfigurationList = 57B8F03F29AE073800C9AED4 /* Build configuration list for PBXNativeTarget "Adopt Me" */;
			buildPhases = (
				57B8F02C29AE072D00C9AED4 /* Sources */,
				57B8F02D29AE072D00C9AED4 /* Frameworks */,
				57B8F02E29AE072D00C9AED4 /* Resources */,
			);
			buildRules = (
			);
			dependencies = (
			);
			name = "Adopt Me";
			packageProductDependencies = (
				5727A2A929C785EF00F97AE1 /* FirebaseAuth */,
				5727A2AB29C785EF00F97AE1 /* FirebaseFirestore */,
			);
			productName = "Adopt Me";
			productReference = 57B8F03029AE072D00C9AED4 /* Adopt Me.app */;
			productType = "com.apple.product-type.application";
		};
/* End PBXNativeTarget section */

/* Begin PBXProject section */
		57B8F02829AE072C00C9AED4 /* Project object */ = {
			isa = PBXProject;
			attributes = {
				LastSwiftUpdateCheck = 1240;
				LastUpgradeCheck = 1240;
				TargetAttributes = {
					57B8F02F29AE072D00C9AED4 = {
						CreatedOnToolsVersion = 12.4;
					};
				};
			};
			buildConfigurationList = 57B8F02B29AE072C00C9AED4 /* Build configuration list for PBXProject "Adopt Me" */;
			compatibilityVersion = "Xcode 9.3";
			developmentRegion = en;
			hasScannedForEncodings = 0;
			knownRegions = (
				en,
				Base,
			);
			mainGroup = 57B8F02729AE072C00C9AED4;
			packageReferences = (
				5727A2A829C785EF00F97AE1 /* XCRemoteSwiftPackageReference "firebase-ios-sdk" */,
			);
			productRefGroup = 57B8F03129AE072D00C9AED4 /* Products */;
			projectDirPath = "";
			projectRoot = "";
			targets = (
				57B8F02F29AE072D00C9AED4 /* Adopt Me */,
			);
		};
/* End PBXProject section */

/* Begin PBXResourcesBuildPhase section */
		57B8F02E29AE072D00C9AED4 /* Resources */ = {
			isa = PBXResourcesBuildPhase;
			buildActionMask = 2147483647;
			files = (
				57B8F03B29AE073800C9AED4 /* Preview Assets.xcassets in Resources */,
				57B8F03829AE073800C9AED4 /* Assets.xcassets in Resources */,
				5727A2AE29C7860100F97AE1 /* GoogleService-Info.plist in Resources */,
			);
			runOnlyForDeploymentPostprocessing = 0;
		};
/* End PBXResourcesBuildPhase section */

/* Begin PBXSourcesBuildPhase section */
		57B8F02C29AE072D00C9AED4 /* Sources */ = {
			isa = PBXSourcesBuildPhase;
			buildActionMask = 2147483647;
			files = (
				57F3E8C329B665E300067106 /* Register.swift in Sources */,
				57B8F03629AE072D00C9AED4 /* ContentView.swift in Sources */,
				57F4F2C829BE561F00E7582E /* User.swift in Sources */,
				57B8F03429AE072D00C9AED4 /* Adopt_MeApp.swift in Sources */,
				57F3E8C629B66FF500067106 /* Login.swift in Sources */,
				57F3E8C929B6752500067106 /* Switch.swift in Sources */,
			);
			runOnlyForDeploymentPostprocessing = 0;
		};
/* End PBXSourcesBuildPhase section */

/* Begin XCBuildConfiguration section */
		57B8F03D29AE073800C9AED4 /* Debug */ = {
			isa = XCBuildConfiguration;
			buildSettings = {
				ALWAYS_SEARCH_USER_PATHS = NO;
				CLANG_ANALYZER_NONNULL = YES;
				CLANG_ANALYZER_NUMBER_OBJECT_CONVERSION = YES_AGGRESSIVE;
				CLANG_CXX_LANGUAGE_STANDARD = "gnu++14";
				CLANG_CXX_LIBRARY = "libc++";
				CLANG_ENABLE_MODULES = YES;
				CLANG_ENABLE_OBJC_ARC = YES;
				CLANG_ENABLE_OBJC_WEAK = YES;
				CLANG_WARN_BLOCK_CAPTURE_AUTORELEASING = YES;
				CLANG_WARN_BOOL_CONVERSION = YES;
				CLANG_WARN_COMMA = YES;
				CLANG_WARN_CONSTANT_CONVERSION = YES;
				CLANG_WARN_DEPRECATED_OBJC_IMPLEMENTATIONS = YES;
				CLANG_WARN_DIRECT_OBJC_ISA_USAGE = YES_ERROR;
				CLANG_WARN_DOCUMENTATION_COMMENTS = YES;
				CLANG_WARN_EMPTY_BODY = YES;
				CLANG_WARN_ENUM_CONVERSION = YES;
				CLANG_WARN_INFINITE_RECURSION = YES;
				CLANG_WARN_INT_CONVERSION = YES;
				CLANG_WARN_NON_LITERAL_NULL_CONVERSION = YES;
				CLANG_WARN_OBJC_IMPLICIT_RETAIN_SELF = YES;
				CLANG_WARN_OBJC_LITERAL_CONVERSION = YES;
				CLANG_WARN_OBJC_ROOT_CLASS = YES_ERROR;
				CLANG_WARN_QUOTED_INCLUDE_IN_FRAMEWORK_HEADER = YES;
				CLANG_WARN_RANGE_LOOP_ANALYSIS = YES;
				CLANG_WARN_STRICT_PROTOTYPES = YES;
				CLANG_WARN_SUSPICIOUS_MOVE = YES;
				CLANG_WARN_UNGUARDED_AVAILABILITY = YES_AGGRESSIVE;
				CLANG_WARN_UNREACHABLE_CODE = YES;
				CLANG_WARN__DUPLICATE_METHOD_MATCH = YES;
				COPY_PHASE_STRIP = NO;
				DEBUG_INFORMATION_FORMAT = dwarf;
				ENABLE_STRICT_OBJC_MSGSEND = YES;
				ENABLE_TESTABILITY = YES;
				GCC_C_LANGUAGE_STANDARD = gnu11;
				GCC_DYNAMIC_NO_PIC = NO;
				GCC_NO_COMMON_BLOCKS = YES;
				GCC_OPTIMIZATION_LEVEL = 0;
				GCC_PREPROCESSOR_DEFINITIONS = (
					"DEBUG=1",
					"$(inherited)",
				);
				GCC_WARN_64_TO_32_BIT_CONVERSION = YES;
				GCC_WARN_ABOUT_RETURN_TYPE = YES_ERROR;
				GCC_WARN_UNDECLARED_SELECTOR = YES;
				GCC_WARN_UNINITIALIZED_AUTOS = YES_AGGRESSIVE;
				GCC_WARN_UNUSED_FUNCTION = YES;
				GCC_WARN_UNUSED_VARIABLE = YES;
				IPHONEOS_DEPLOYMENT_TARGET = 14.4;
				MTL_ENABLE_DEBUG_INFO = INCLUDE_SOURCE;
				MTL_FAST_MATH = YES;
				ONLY_ACTIVE_ARCH = YES;
				SDKROOT = iphoneos;
				SWIFT_ACTIVE_COMPILATION_CONDITIONS = DEBUG;
				SWIFT_OPTIMIZATION_LEVEL = "-Onone";
			};
			name = Debug;
		};
		57B8F03E29AE073800C9AED4 /* Release */ = {
			isa = XCBuildConfiguration;
			buildSettings = {
				ALWAYS_SEARCH_USER_PATHS = NO;
				CLANG_ANALYZER_NONNULL = YES;
				CLANG_ANALYZER_NUMBER_OBJECT_CONVERSION = YES_AGGRESSIVE;
				CLANG_CXX_LANGUAGE_STANDARD = "gnu++14";
				CLANG_CXX_LIBRARY = "libc++";
				CLANG_ENABLE_MODULES = YES;
				CLANG_ENABLE_OBJC_ARC = YES;
				CLANG_ENABLE_OBJC_WEAK = YES;
				CLANG_WARN_BLOCK_CAPTURE_AUTORELEASING = YES;
				CLANG_WARN_BOOL_CONVERSION = YES;
				CLANG_WARN_COMMA = YES;
				CLANG_WARN_CONSTANT_CONVERSION = YES;
				CLANG_WARN_DEPRECATED_OBJC_IMPLEMENTATIONS = YES;
				CLANG_WARN_DIRECT_OBJC_ISA_USAGE = YES_ERROR;
				CLANG_WARN_DOCUMENTATION_COMMENTS = YES;
				CLANG_WARN_EMPTY_BODY = YES;
				CLANG_WARN_ENUM_CONVERSION = YES;
				CLANG_WARN_INFINITE_RECURSION = YES;
				CLANG_WARN_INT_CONVERSION = YES;
				CLANG_WARN_NON_LITERAL_NULL_CONVERSION = YES;
				CLANG_WARN_OBJC_IMPLICIT_RETAIN_SELF = YES;
				CLANG_WARN_OBJC_LITERAL_CONVERSION = YES;
				CLANG_WARN_OBJC_ROOT_CLASS = YES_ERROR;
				CLANG_WARN_QUOTED_INCLUDE_IN_FRAMEWORK_HEADER = YES;
				CLANG_WARN_RANGE_LOOP_ANALYSIS = YES;
				CLANG_WARN_STRICT_PROTOTYPES = YES;
				CLANG_WARN_SUSPICIOUS_MOVE = YES;
				CLANG_WARN_UNGUARDED_AVAILABILITY = YES_AGGRESSIVE;
				CLANG_WARN_UNREACHABLE_CODE = YES;
				CLANG_WARN__DUPLICATE_METHOD_MATCH = YES;
				COPY_PHASE_STRIP = NO;
				DEBUG_INFORMATION_FORMAT = "dwarf-with-dsym";
				ENABLE_NS_ASSERTIONS = NO;
				ENABLE_STRICT_OBJC_MSGSEND = YES;
				GCC_C_LANGUAGE_STANDARD = gnu11;
				GCC_NO_COMMON_BLOCKS = YES;
				GCC_WARN_64_TO_32_BIT_CONVERSION = YES;
				GCC_WARN_ABOUT_RETURN_TYPE = YES_ERROR;
				GCC_WARN_UNDECLARED_SELECTOR = YES;
				GCC_WARN_UNINITIALIZED_AUTOS = YES_AGGRESSIVE;
				GCC_WARN_UNUSED_FUNCTION = YES;
				GCC_WARN_UNUSED_VARIABLE = YES;
				IPHONEOS_DEPLOYMENT_TARGET = 14.4;
				MTL_ENABLE_DEBUG_INFO = NO;
				MTL_FAST_MATH = YES;
				SDKROOT = iphoneos;
				SWIFT_COMPILATION_MODE = wholemodule;
				SWIFT_OPTIMIZATION_LEVEL = "-O";
				VALIDATE_PRODUCT = YES;
			};
			name = Release;
		};
		57B8F04029AE073800C9AED4 /* Debug */ = {
			isa = XCBuildConfiguration;
			buildSettings = {
				ASSETCATALOG_COMPILER_APPICON_NAME = AppIcon;
				ASSETCATALOG_COMPILER_GLOBAL_ACCENT_COLOR_NAME = AccentColor;
				CODE_SIGN_STYLE = Automatic;
				DEVELOPMENT_ASSET_PATHS = "\"Adopt Me/Preview Content\"";
				ENABLE_PREVIEWS = YES;
				INFOPLIST_FILE = "Adopt Me/Info.plist";
				IPHONEOS_DEPLOYMENT_TARGET = 14.0;
				LD_RUNPATH_SEARCH_PATHS = (
					"$(inherited)",
					"@executable_path/Frameworks",
				);
				PRODUCT_BUNDLE_IDENTIFIER = "Victor.Adopt-Me";
				PRODUCT_NAME = "$(TARGET_NAME)";
				SWIFT_VERSION = 5.0;
				TARGETED_DEVICE_FAMILY = "1,2";
			};
			name = Debug;
		};
		57B8F04129AE073800C9AED4 /* Release */ = {
			isa = XCBuildConfiguration;
			buildSettings = {
				ASSETCATALOG_COMPILER_APPICON_NAME = AppIcon;
				ASSETCATALOG_COMPILER_GLOBAL_ACCENT_COLOR_NAME = AccentColor;
				CODE_SIGN_STYLE = Automatic;
				DEVELOPMENT_ASSET_PATHS = "\"Adopt Me/Preview Content\"";
				ENABLE_PREVIEWS = YES;
				INFOPLIST_FILE = "Adopt Me/Info.plist";
				IPHONEOS_DEPLOYMENT_TARGET = 14.0;
				LD_RUNPATH_SEARCH_PATHS = (
					"$(inherited)",
					"@executable_path/Frameworks",
				);
				PRODUCT_BUNDLE_IDENTIFIER = "Victor.Adopt-Me";
				PRODUCT_NAME = "$(TARGET_NAME)";
				SWIFT_VERSION = 5.0;
				TARGETED_DEVICE_FAMILY = "1,2";
			};
			name = Release;
		};
/* End XCBuildConfiguration section */

/* Begin XCConfigurationList section */
		57B8F02B29AE072C00C9AED4 /* Build configuration list for PBXProject "Adopt Me" */ = {
			isa = XCConfigurationList;
			buildConfigurations = (
				57B8F03D29AE073800C9AED4 /* Debug */,
				57B8F03E29AE073800C9AED4 /* Release */,
			);
			defaultConfigurationIsVisible = 0;
			defaultConfigurationName = Release;
		};
		57B8F03F29AE073800C9AED4 /* Build configuration list for PBXNativeTarget "Adopt Me" */ = {
			isa = XCConfigurationList;
			buildConfigurations = (
				57B8F04029AE073800C9AED4 /* Debug */,
				57B8F04129AE073800C9AED4 /* Release */,
			);
			defaultConfigurationIsVisible = 0;
			defaultConfigurationName = Release;
		};
/* End XCConfigurationList section */

/* Begin XCRemoteSwiftPackageReference section */
		5727A2A829C785EF00F97AE1 /* XCRemoteSwiftPackageReference "firebase-ios-sdk" */ = {
			isa = XCRemoteSwiftPackageReference;
			repositoryURL = "https://github.com/firebase/firebase-ios-sdk";
			requirement = {
				kind = upToNextMajorVersion;
				minimumVersion = 10.6.0;
			};
		};
/* End XCRemoteSwiftPackageReference section */

/* Begin XCSwiftPackageProductDependency section */
		5727A2A929C785EF00F97AE1 /* FirebaseAuth */ = {
			isa = XCSwiftPackageProductDependency;
			package = 5727A2A829C785EF00F97AE1 /* XCRemoteSwiftPackageReference "firebase-ios-sdk" */;
			productName = FirebaseAuth;
		};
		5727A2AB29C785EF00F97AE1 /* FirebaseFirestore */ = {
			isa = XCSwiftPackageProductDependency;
			package = 5727A2A829C785EF00F97AE1 /* XCRemoteSwiftPackageReference "firebase-ios-sdk" */;
			productName = FirebaseFirestore;
		};
/* End XCSwiftPackageProductDependency section */
	};
	rootObject = 57B8F02829AE072C00C9AED4 /* Project object */;
}
